{
    "_readme": [
        "This file locks the dependencies of your project to a known state",
        "Read more about it at https://getcomposer.org/doc/01-basic-usage.md#installing-dependencies",
        "This file is @generated automatically"
    ],
    "content-hash": "56c863856b2381361acbee7e6a0b57ee",
    "packages": [
        {
            "name": "pennyblack/php-api-client",
            "version": "0.1.0",
            "source": {
                "type": "git",
                "url": "git@github.com:pennyblack-io/php-api-client.git",
                "reference": "11233d19ff7bb3938eaf0193e6462db585649167"
            },
            "dist": {
                "type": "zip",
                "url": "https://api.github.com/repos/pennyblack-io/php-api-client/zipball/11233d19ff7bb3938eaf0193e6462db585649167",
                "reference": "11233d19ff7bb3938eaf0193e6462db585649167",
                "shasum": ""
            },
            "require": {
                "ext-curl": "*",
                "ext-json": "*",
                "php": ">=7.4.0"
            },
            "require-dev": {
                "phpmd/phpmd": "^2.13",
                "phpstan/phpstan": "1.9.2",
                "phpunit/phpunit": "9.5.26",
                "squizlabs/php_codesniffer": "^3.7"
            },
            "type": "library",
            "autoload": {
                "psr-4": {
                    "PennyBlack\\": "src/"
                }
            },
            "scripts": {
                "unit-test": [
                    "./vendor/bin/phpunit tests/"
                ],
                "quality-check": [
                    "@phpcs",
                    "@phpstan",
                    "@phpmd"
                ],
                "phpcs": [
                    "./vendor/bin/phpcs"
                ],
                "phpstan": [
                    "./vendor/bin/phpstan analyse -c phpstan.neon src"
                ],
                "phpmd": [
                    "./vendor/bin/phpmd ./src text ./phpmd.xml"
                ]
            },
            "authors": [
                {
                    "name": "Penny Black",
                    "email": "engineers@pennyblack.io"
                }
            ],
            "description": "PennyBlack PHP API Client",
            "support": {
                "source": "https://github.com/pennyblack-io/php-api-client/tree/0.1.0",
                "issues": "https://github.com/pennyblack-io/php-api-client/issues"
            },
            "time": "2023-02-20T14:04:38+00:00"
        }
    ],
    "packages-dev": [],
    "aliases": [],
    "minimum-stability": "stable",
    "stability-flags": [],
    "prefer-stable": false,
    "prefer-lowest": false,
    "platform": {
        "php": "~7.4.0"
    },
    "platform-dev": [],
    "plugin-api-version": "2.3.0"
}
